
Microsoft Visual Studio Solution File, Format Version 12.00
# Visual Studio 15
VisualStudioVersion = 15.0.28010.2036
MinimumVisualStudioVersion = 10.0.40219.1
Project("{FAE04EC0-301F-11D3-BF4B-00C04F79EFBC}") = "video-scissors", "video-scissors\video-scissors.csproj", "{166E112F-43B2-48C9-83A0-AA070F44EBA5}"
EndProject
Global
	GlobalSection(SolutionConfigurationPlatforms) = preSolution
		Debug|Any CPU = Debug|Any CPU
		Release|Any CPU = Release|Any CPU
	EndGlobalSection
	GlobalSection(ProjectConfigurationPlatforms) = postSolution
		{166E112F-43B2-48C9-83A0-AA070F44EBA5}.Debug|Any CPU.ActiveCfg = Debug|Any CPU
		{166E112F-43B2-48C9-83A0-AA070F44EBA5}.Debug|Any CPU.Build.0 = Debug|Any CPU
		{166E112F-43B2-48C9-83A0-AA070F44EBA5}.Release|Any CPU.ActiveCfg = Release|Any CPU
		{166E112F-43B2-48C9-83A0-AA070F44EBA5}.Release|Any CPU.Build.0 = Release|Any CPU
	EndGlobalSection
	GlobalSection(SolutionProperties) = preSolution
		HideSolutionNode = FALSE
	EndGlobalSection
	GlobalSection(ExtensibilityGlobals) = postSolution
		SolutionGuid = {C577C100-825A-42BD-9668-8AFF3D292051}
	EndGlobalSection
EndGlobal
